{
    "version": 3,
    "terraform_version": "0.11.1",
    "serial": 17,
    "lineage": "aef134c6-442b-4cbf-a795-713ed91372c8",
    "modules": [
        {
            "path": [
                "root"
            ],
            "outputs": {},
            "resources": {
                "aws_default_route_table.public-RT": {
                    "type": "aws_default_route_table",
                    "depends_on": [
                        "aws_internet_gateway.igw-virginia",
                        "aws_vpc.vpc-virginia"
                    ],
                    "primary": {
                        "id": "rtb-078e027a",
                        "attributes": {
                            "default_route_table_id": "rtb-078e027a",
                            "id": "rtb-078e027a",
                            "propagating_vgws.#": "0",
                            "route.#": "1",
                            "route.1886099699.cidr_block": "0.0.0.0/0",
                            "route.1886099699.egress_only_gateway_id": "",
                            "route.1886099699.gateway_id": "igw-7787af0e",
                            "route.1886099699.instance_id": "",
                            "route.1886099699.ipv6_cidr_block": "",
                            "route.1886099699.nat_gateway_id": "",
                            "route.1886099699.network_interface_id": "",
                            "route.1886099699.vpc_peering_connection_id": "",
                            "tags.%": "1",
                            "tags.Name": "public-RT",
                            "vpc_id": "vpc-57cff32f"
                        },
                        "meta": {},
                        "tainted": false
                    },
                    "deposed": [],
                    "provider": "provider.aws"
                },
                "aws_default_security_group.default_SG": {
                    "type": "aws_default_security_group",
                    "depends_on": [
                        "aws_vpc.vpc-virginia"
                    ],
                    "primary": {
                        "id": "sg-d040dea4",
                        "attributes": {
                            "egress.#": "1",
                            "egress.482069346.cidr_blocks.#": "1",
                            "egress.482069346.cidr_blocks.0": "0.0.0.0/0",
                            "egress.482069346.description": "",
                            "egress.482069346.from_port": "0",
                            "egress.482069346.ipv6_cidr_blocks.#": "0",
                            "egress.482069346.prefix_list_ids.#": "0",
                            "egress.482069346.protocol": "-1",
                            "egress.482069346.security_groups.#": "0",
                            "egress.482069346.self": "false",
                            "egress.482069346.to_port": "0",
                            "id": "sg-d040dea4",
                            "ingress.#": "1",
                            "ingress.482069346.cidr_blocks.#": "1",
                            "ingress.482069346.cidr_blocks.0": "0.0.0.0/0",
                            "ingress.482069346.description": "",
                            "ingress.482069346.from_port": "0",
                            "ingress.482069346.ipv6_cidr_blocks.#": "0",
                            "ingress.482069346.protocol": "-1",
                            "ingress.482069346.security_groups.#": "0",
                            "ingress.482069346.self": "false",
                            "ingress.482069346.to_port": "0",
                            "name": "default",
                            "owner_id": "757614258185",
                            "revoke_rules_on_delete": "false",
                            "tags.%": "0",
                            "vpc_id": "vpc-57cff32f"
                        },
                        "meta": {
                            "schema_version": "1"
                        },
                        "tainted": false
                    },
                    "deposed": [],
                    "provider": "provider.aws"
                },
                "aws_efs_file_system.shared_efs_for_containers": {
                    "type": "aws_efs_file_system",
                    "depends_on": [],
                    "primary": {
                        "id": "fs-bca4adf5",
                        "attributes": {
                            "creation_token": "terraform-20180111102841158800000001",
                            "dns_name": "fs-bca4adf5.efs.us-east-1.amazonaws.com",
                            "encrypted": "false",
                            "id": "fs-bca4adf5",
                            "kms_key_id": "",
                            "performance_mode": "generalPurpose",
                            "tags.%": "0"
                        },
                        "meta": {},
                        "tainted": false
                    },
                    "deposed": [],
                    "provider": "provider.aws"
                },
                "aws_eip.eip_nat_gateway": {
                    "type": "aws_eip",
                    "depends_on": [],
                    "primary": {
                        "id": "eipalloc-64780053",
                        "attributes": {
                            "association_id": "eipassoc-8cbdfe84",
                            "domain": "vpc",
                            "id": "eipalloc-64780053",
                            "instance": "",
                            "network_interface": "eni-a2f09929",
                            "private_ip": "10.0.177.157",
                            "public_ip": "35.168.221.151",
                            "vpc": "true"
                        },
                        "meta": {},
                        "tainted": false
                    },
                    "deposed": [],
                    "provider": "provider.aws"
                },
                "aws_instance.ec2_rancher_node": {
                    "type": "aws_instance",
                    "depends_on": [
                        "aws_default_security_group.default_SG",
                        "aws_subnet.subnet-a34c1dc7-subnet-public-1a"
                    ],
                    "primary": {
                        "id": "i-0703ca2e34efebaa9",
                        "attributes": {
                            "ami": "ami-aa2ea6d0",
                            "associate_public_ip_address": "true",
                            "availability_zone": "us-east-1a",
                            "disable_api_termination": "false",
                            "ebs_block_device.#": "0",
                            "ebs_optimized": "false",
                            "ephemeral_block_device.#": "0",
                            "iam_instance_profile": "",
                            "id": "i-0703ca2e34efebaa9",
                            "instance_state": "running",
                            "instance_type": "t2.micro",
                            "ipv6_addresses.#": "0",
                            "key_name": "k8vir",
                            "monitoring": "false",
                            "network_interface.#": "0",
                            "network_interface_id": "eni-22fe97a9",
                            "placement_group": "",
                            "primary_network_interface_id": "eni-22fe97a9",
                            "private_dns": "ip-10-0-171-65.ec2.internal",
                            "private_ip": "10.0.171.65",
                            "public_dns": "ec2-54-91-106-234.compute-1.amazonaws.com",
                            "public_ip": "54.91.106.234",
                            "root_block_device.#": "1",
                            "root_block_device.0.delete_on_termination": "true",
                            "root_block_device.0.iops": "100",
                            "root_block_device.0.volume_size": "8",
                            "root_block_device.0.volume_type": "gp2",
                            "security_groups.#": "0",
                            "source_dest_check": "true",
                            "subnet_id": "subnet-e7d340ba",
                            "tags.%": "1",
                            "tags.Name": "Rancher Node",
                            "tenancy": "default",
                            "volume_tags.%": "0",
                            "vpc_security_group_ids.#": "1",
                            "vpc_security_group_ids.700501505": "sg-d040dea4"
                        },
                        "meta": {
                            "e2bfb730-ecaa-11e6-8f88-34363bc7c4c0": {
                                "create": 600000000000,
                                "delete": 600000000000,
                                "update": 600000000000
                            },
                            "schema_version": "1"
                        },
                        "tainted": false
                    },
                    "deposed": [],
                    "provider": "provider.aws"
                },
                "aws_instance.ec2_rancher_server": {
                    "type": "aws_instance",
                    "depends_on": [
                        "aws_default_security_group.default_SG",
                        "aws_subnet.subnet-a34c1dc7-subnet-public-1a"
                    ],
                    "primary": {
                        "id": "i-02c1b0c5bf5e21660",
                        "attributes": {
                            "ami": "ami-aa2ea6d0",
                            "associate_public_ip_address": "true",
                            "availability_zone": "us-east-1a",
                            "disable_api_termination": "false",
                            "ebs_block_device.#": "0",
                            "ebs_optimized": "false",
                            "ephemeral_block_device.#": "0",
                            "iam_instance_profile": "",
                            "id": "i-02c1b0c5bf5e21660",
                            "instance_state": "running",
                            "instance_type": "t2.micro",
                            "ipv6_addresses.#": "0",
                            "key_name": "k8vir",
                            "monitoring": "false",
                            "network_interface.#": "0",
                            "network_interface_id": "eni-edf49d66",
                            "placement_group": "",
                            "primary_network_interface_id": "eni-edf49d66",
                            "private_dns": "ip-10-0-162-106.ec2.internal",
                            "private_ip": "10.0.162.106",
                            "public_dns": "ec2-54-82-229-25.compute-1.amazonaws.com",
                            "public_ip": "54.82.229.25",
                            "root_block_device.#": "1",
                            "root_block_device.0.delete_on_termination": "true",
                            "root_block_device.0.iops": "100",
                            "root_block_device.0.volume_size": "8",
                            "root_block_device.0.volume_type": "gp2",
                            "security_groups.#": "0",
                            "source_dest_check": "true",
                            "subnet_id": "subnet-e7d340ba",
                            "tags.%": "1",
                            "tags.Name": "Rancher Server",
                            "tenancy": "default",
                            "volume_tags.%": "0",
                            "vpc_security_group_ids.#": "1",
                            "vpc_security_group_ids.700501505": "sg-d040dea4"
                        },
                        "meta": {
                            "e2bfb730-ecaa-11e6-8f88-34363bc7c4c0": {
                                "create": 600000000000,
                                "delete": 600000000000,
                                "update": 600000000000
                            },
                            "schema_version": "1"
                        },
                        "tainted": false
                    },
                    "deposed": [],
                    "provider": "provider.aws"
                },
                "aws_internet_gateway.igw-virginia": {
                    "type": "aws_internet_gateway",
                    "depends_on": [
                        "aws_vpc.vpc-virginia"
                    ],
                    "primary": {
                        "id": "igw-7787af0e",
                        "attributes": {
                            "id": "igw-7787af0e",
                            "tags.%": "1",
                            "tags.Name": "igw-virginia",
                            "vpc_id": "vpc-57cff32f"
                        },
                        "meta": {},
                        "tainted": false
                    },
                    "deposed": [],
                    "provider": "provider.aws"
                },
                "aws_nat_gateway.nat_gateway": {
                    "type": "aws_nat_gateway",
                    "depends_on": [
                        "aws_eip.eip_nat_gateway",
                        "aws_subnet.subnet-a34c1dc7-subnet-public-1a"
                    ],
                    "primary": {
                        "id": "nat-069e760f68943bd00",
                        "attributes": {
                            "allocation_id": "eipalloc-64780053",
                            "id": "nat-069e760f68943bd00",
                            "network_interface_id": "eni-a2f09929",
                            "private_ip": "10.0.177.157",
                            "public_ip": "35.168.221.151",
                            "subnet_id": "subnet-e7d340ba",
                            "tags.%": "0"
                        },
                        "meta": {},
                        "tainted": false
                    },
                    "deposed": [],
                    "provider": "provider.aws"
                },
                "aws_route_table.private-RT": {
                    "type": "aws_route_table",
                    "depends_on": [
                        "aws_nat_gateway.nat_gateway",
                        "aws_vpc.vpc-virginia"
                    ],
                    "primary": {
                        "id": "rtb-faf87487",
                        "attributes": {
                            "id": "rtb-faf87487",
                            "propagating_vgws.#": "0",
                            "route.#": "1",
                            "route.2502084010.cidr_block": "0.0.0.0/0",
                            "route.2502084010.egress_only_gateway_id": "",
                            "route.2502084010.gateway_id": "",
                            "route.2502084010.instance_id": "",
                            "route.2502084010.ipv6_cidr_block": "",
                            "route.2502084010.nat_gateway_id": "nat-069e760f68943bd00",
                            "route.2502084010.network_interface_id": "",
                            "route.2502084010.vpc_peering_connection_id": "",
                            "tags.%": "1",
                            "tags.Name": "private-RT",
                            "vpc_id": "vpc-57cff32f"
                        },
                        "meta": {},
                        "tainted": false
                    },
                    "deposed": [],
                    "provider": "provider.aws"
                },
                "aws_route_table_association.private-RT-rtbassoc-66cd091a": {
                    "type": "aws_route_table_association",
                    "depends_on": [
                        "aws_route_table.private-RT",
                        "aws_subnet.subnet-51792835-subnet-private-1b"
                    ],
                    "primary": {
                        "id": "rtbassoc-7ad91906",
                        "attributes": {
                            "id": "rtbassoc-7ad91906",
                            "route_table_id": "rtb-faf87487",
                            "subnet_id": "subnet-d691c1b2"
                        },
                        "meta": {},
                        "tainted": false
                    },
                    "deposed": [],
                    "provider": "provider.aws"
                },
                "aws_route_table_association.private-RT-rtbassoc-eec40092": {
                    "type": "aws_route_table_association",
                    "depends_on": [
                        "aws_route_table.private-RT",
                        "aws_subnet.subnet-7d9d0c20-subnet-private-1a"
                    ],
                    "primary": {
                        "id": "rtbassoc-e9e32395",
                        "attributes": {
                            "id": "rtbassoc-e9e32395",
                            "route_table_id": "rtb-faf87487",
                            "subnet_id": "subnet-2b2ebe76"
                        },
                        "meta": {},
                        "tainted": false
                    },
                    "deposed": [],
                    "provider": "provider.aws"
                },
                "aws_route_table_association.public-RT-rtbassoc-78bb7f04": {
                    "type": "aws_route_table_association",
                    "depends_on": [
                        "aws_default_route_table.public-RT",
                        "aws_subnet.subnet-11712075-subnet-public-1b"
                    ],
                    "primary": {
                        "id": "rtbassoc-84e020f8",
                        "attributes": {
                            "id": "rtbassoc-84e020f8",
                            "route_table_id": "rtb-078e027a",
                            "subnet_id": "subnet-ec85d588"
                        },
                        "meta": {},
                        "tainted": false
                    },
                    "deposed": [],
                    "provider": "provider.aws"
                },
                "aws_route_table_association.public-RT-rtbassoc-91c307ed": {
                    "type": "aws_route_table_association",
                    "depends_on": [
                        "aws_default_route_table.public-RT",
                        "aws_subnet.subnet-a34c1dc7-subnet-public-1a"
                    ],
                    "primary": {
                        "id": "rtbassoc-210dcd5d",
                        "attributes": {
                            "id": "rtbassoc-210dcd5d",
                            "route_table_id": "rtb-078e027a",
                            "subnet_id": "subnet-e7d340ba"
                        },
                        "meta": {},
                        "tainted": false
                    },
                    "deposed": [],
                    "provider": "provider.aws"
                },
                "aws_subnet.subnet-11712075-subnet-public-1b": {
                    "type": "aws_subnet",
                    "depends_on": [
                        "aws_vpc.vpc-virginia"
                    ],
                    "primary": {
                        "id": "subnet-ec85d588",
                        "attributes": {
                            "assign_ipv6_address_on_creation": "false",
                            "availability_zone": "us-east-1b",
                            "cidr_block": "10.0.192.0/18",
                            "id": "subnet-ec85d588",
                            "map_public_ip_on_launch": "true",
                            "tags.%": "1",
                            "tags.Name": "subnet-public-1b",
                            "vpc_id": "vpc-57cff32f"
                        },
                        "meta": {
                            "schema_version": "1"
                        },
                        "tainted": false
                    },
                    "deposed": [],
                    "provider": "provider.aws"
                },
                "aws_subnet.subnet-51792835-subnet-private-1b": {
                    "type": "aws_subnet",
                    "depends_on": [
                        "aws_vpc.vpc-virginia"
                    ],
                    "primary": {
                        "id": "subnet-d691c1b2",
                        "attributes": {
                            "assign_ipv6_address_on_creation": "false",
                            "availability_zone": "us-east-1b",
                            "cidr_block": "10.0.64.0/18",
                            "id": "subnet-d691c1b2",
                            "map_public_ip_on_launch": "false",
                            "tags.%": "1",
                            "tags.Name": "subnet-private-1b",
                            "vpc_id": "vpc-57cff32f"
                        },
                        "meta": {
                            "schema_version": "1"
                        },
                        "tainted": false
                    },
                    "deposed": [],
                    "provider": "provider.aws"
                },
                "aws_subnet.subnet-7d9d0c20-subnet-private-1a": {
                    "type": "aws_subnet",
                    "depends_on": [
                        "aws_vpc.vpc-virginia"
                    ],
                    "primary": {
                        "id": "subnet-2b2ebe76",
                        "attributes": {
                            "assign_ipv6_address_on_creation": "false",
                            "availability_zone": "us-east-1a",
                            "cidr_block": "10.0.0.0/18",
                            "id": "subnet-2b2ebe76",
                            "map_public_ip_on_launch": "false",
                            "tags.%": "1",
                            "tags.Name": "subnet-private-1a",
                            "vpc_id": "vpc-57cff32f"
                        },
                        "meta": {
                            "schema_version": "1"
                        },
                        "tainted": false
                    },
                    "deposed": [],
                    "provider": "provider.aws"
                },
                "aws_subnet.subnet-a34c1dc7-subnet-public-1a": {
                    "type": "aws_subnet",
                    "depends_on": [
                        "aws_vpc.vpc-virginia"
                    ],
                    "primary": {
                        "id": "subnet-e7d340ba",
                        "attributes": {
                            "assign_ipv6_address_on_creation": "false",
                            "availability_zone": "us-east-1a",
                            "cidr_block": "10.0.128.0/18",
                            "id": "subnet-e7d340ba",
                            "map_public_ip_on_launch": "true",
                            "tags.%": "1",
                            "tags.Name": "subnet-public-1a",
                            "vpc_id": "vpc-57cff32f"
                        },
                        "meta": {
                            "schema_version": "1"
                        },
                        "tainted": false
                    },
                    "deposed": [],
                    "provider": "provider.aws"
                },
                "aws_vpc.vpc-virginia": {
                    "type": "aws_vpc",
                    "depends_on": [],
                    "primary": {
                        "id": "vpc-57cff32f",
                        "attributes": {
                            "assign_generated_ipv6_cidr_block": "false",
                            "cidr_block": "10.0.0.0/16",
                            "default_network_acl_id": "acl-cebe38b5",
                            "default_route_table_id": "rtb-078e027a",
                            "default_security_group_id": "sg-d040dea4",
                            "dhcp_options_id": "dopt-cc7689a8",
                            "enable_classiclink": "false",
                            "enable_classiclink_dns_support": "false",
                            "enable_dns_hostnames": "true",
                            "enable_dns_support": "true",
                            "id": "vpc-57cff32f",
                            "instance_tenancy": "default",
                            "main_route_table_id": "rtb-078e027a",
                            "tags.%": "1",
                            "tags.Name": "vpc-virginia"
                        },
                        "meta": {
                            "schema_version": "1"
                        },
                        "tainted": false
                    },
                    "deposed": [],
                    "provider": "provider.aws"
                }
            },
            "depends_on": []
        }
    ]
}
