{
    "version": 3,
    "terraform_version": "0.11.1",
    "serial": 39,
    "lineage": "aef134c6-442b-4cbf-a795-713ed91372c8",
    "modules": [
        {
            "path": [
                "root"
            ],
            "outputs": {},
            "resources": {
                "aws_default_route_table.public-RT": {
                    "type": "aws_default_route_table",
                    "depends_on": [
                        "aws_internet_gateway.igw-virginia",
                        "aws_vpc.vpc-virginia"
                    ],
                    "primary": {
                        "id": "rtb-bf52c8c2",
                        "attributes": {
                            "default_route_table_id": "rtb-bf52c8c2",
                            "id": "rtb-bf52c8c2",
                            "propagating_vgws.#": "0",
                            "route.#": "1",
                            "route.1632888401.cidr_block": "0.0.0.0/0",
                            "route.1632888401.egress_only_gateway_id": "",
                            "route.1632888401.gateway_id": "igw-dcb88ea5",
                            "route.1632888401.instance_id": "",
                            "route.1632888401.ipv6_cidr_block": "",
                            "route.1632888401.nat_gateway_id": "",
                            "route.1632888401.network_interface_id": "",
                            "route.1632888401.vpc_peering_connection_id": "",
                            "tags.%": "1",
                            "tags.Name": "public-RT",
                            "vpc_id": "vpc-e5d2d79d"
                        },
                        "meta": {},
                        "tainted": false
                    },
                    "deposed": [],
                    "provider": "provider.aws"
                },
                "aws_default_security_group.default_SG": {
                    "type": "aws_default_security_group",
                    "depends_on": [
                        "aws_vpc.vpc-virginia"
                    ],
                    "primary": {
                        "id": "sg-150a4f61",
                        "attributes": {
                            "egress.#": "1",
                            "egress.482069346.cidr_blocks.#": "1",
                            "egress.482069346.cidr_blocks.0": "0.0.0.0/0",
                            "egress.482069346.description": "",
                            "egress.482069346.from_port": "0",
                            "egress.482069346.ipv6_cidr_blocks.#": "0",
                            "egress.482069346.prefix_list_ids.#": "0",
                            "egress.482069346.protocol": "-1",
                            "egress.482069346.security_groups.#": "0",
                            "egress.482069346.self": "false",
                            "egress.482069346.to_port": "0",
                            "id": "sg-150a4f61",
                            "ingress.#": "1",
                            "ingress.482069346.cidr_blocks.#": "1",
                            "ingress.482069346.cidr_blocks.0": "0.0.0.0/0",
                            "ingress.482069346.description": "",
                            "ingress.482069346.from_port": "0",
                            "ingress.482069346.ipv6_cidr_blocks.#": "0",
                            "ingress.482069346.protocol": "-1",
                            "ingress.482069346.security_groups.#": "0",
                            "ingress.482069346.self": "false",
                            "ingress.482069346.to_port": "0",
                            "name": "default",
                            "owner_id": "757614258185",
                            "revoke_rules_on_delete": "false",
                            "tags.%": "0",
                            "vpc_id": "vpc-e5d2d79d"
                        },
                        "meta": {
                            "schema_version": "1"
                        },
                        "tainted": false
                    },
                    "deposed": [],
                    "provider": "provider.aws"
                },
                "aws_efs_file_system.shared_efs_for_containers": {
                    "type": "aws_efs_file_system",
                    "depends_on": [],
                    "primary": {
                        "id": "fs-3a5f4a73",
                        "attributes": {
                            "creation_token": "terraform-20180115081749753600000001",
                            "dns_name": "fs-3a5f4a73.efs.us-east-1.amazonaws.com",
                            "encrypted": "false",
                            "id": "fs-3a5f4a73",
                            "kms_key_id": "",
                            "performance_mode": "generalPurpose",
                            "tags.%": "0"
                        },
                        "meta": {},
                        "tainted": false
                    },
                    "deposed": [],
                    "provider": "provider.aws"
                },
                "aws_eip.eip_nat_gateway": {
                    "type": "aws_eip",
                    "depends_on": [],
                    "primary": {
                        "id": "eipalloc-c0e3b1f7",
                        "attributes": {
                            "association_id": "",
                            "domain": "vpc",
                            "id": "eipalloc-c0e3b1f7",
                            "instance": "",
                            "network_interface": "",
                            "private_ip": "",
                            "public_ip": "34.206.248.5",
                            "vpc": "true"
                        },
                        "meta": {},
                        "tainted": false
                    },
                    "deposed": [],
                    "provider": "provider.aws"
                },
                "aws_instance.ec2_rancher_node": {
                    "type": "aws_instance",
                    "depends_on": [
                        "aws_default_security_group.default_SG",
                        "aws_subnet.subnet-a34c1dc7-subnet-public-1a"
                    ],
                    "primary": {
                        "id": "i-0de442782c016b892",
                        "attributes": {
                            "ami": "ami-5702222d",
                            "associate_public_ip_address": "true",
                            "availability_zone": "us-east-1a",
                            "disable_api_termination": "false",
                            "ebs_block_device.#": "0",
                            "ebs_optimized": "false",
                            "ephemeral_block_device.#": "0",
                            "iam_instance_profile": "",
                            "id": "i-0de442782c016b892",
                            "instance_state": "running",
                            "instance_type": "t2.medium",
                            "ipv6_addresses.#": "0",
                            "key_name": "k8vir",
                            "monitoring": "false",
                            "network_interface.#": "0",
                            "network_interface_id": "eni-fdb3a020",
                            "placement_group": "",
                            "primary_network_interface_id": "eni-fdb3a020",
                            "private_dns": "ip-10-0-181-130.ec2.internal",
                            "private_ip": "10.0.181.130",
                            "public_dns": "ec2-34-201-216-99.compute-1.amazonaws.com",
                            "public_ip": "34.201.216.99",
                            "root_block_device.#": "1",
                            "root_block_device.0.delete_on_termination": "true",
                            "root_block_device.0.iops": "100",
                            "root_block_device.0.volume_size": "8",
                            "root_block_device.0.volume_type": "gp2",
                            "security_groups.#": "0",
                            "source_dest_check": "true",
                            "subnet_id": "subnet-a824bbf5",
                            "tags.%": "1",
                            "tags.Name": "Rancher Node",
                            "tenancy": "default",
                            "volume_tags.%": "0",
                            "vpc_security_group_ids.#": "1",
                            "vpc_security_group_ids.3020371598": "sg-150a4f61"
                        },
                        "meta": {
                            "e2bfb730-ecaa-11e6-8f88-34363bc7c4c0": {
                                "create": 600000000000,
                                "delete": 600000000000,
                                "update": 600000000000
                            },
                            "schema_version": "1"
                        },
                        "tainted": false
                    },
                    "deposed": [],
                    "provider": "provider.aws"
                },
                "aws_instance.ec2_rancher_server": {
                    "type": "aws_instance",
                    "depends_on": [
                        "aws_default_security_group.default_SG",
                        "aws_subnet.subnet-a34c1dc7-subnet-public-1a"
                    ],
                    "primary": {
                        "id": "i-05edceccd0b9e7ccc",
                        "attributes": {
                            "ami": "ami-5702222d",
                            "associate_public_ip_address": "true",
                            "availability_zone": "us-east-1a",
                            "disable_api_termination": "false",
                            "ebs_block_device.#": "0",
                            "ebs_optimized": "false",
                            "ephemeral_block_device.#": "0",
                            "iam_instance_profile": "",
                            "id": "i-05edceccd0b9e7ccc",
                            "instance_state": "running",
                            "instance_type": "t2.medium",
                            "ipv6_addresses.#": "0",
                            "key_name": "k8vir",
                            "monitoring": "false",
                            "network_interface.#": "0",
                            "network_interface_id": "eni-e38e9d3e",
                            "placement_group": "",
                            "primary_network_interface_id": "eni-e38e9d3e",
                            "private_dns": "ip-10-0-170-83.ec2.internal",
                            "private_ip": "10.0.170.83",
                            "public_dns": "ec2-54-242-91-200.compute-1.amazonaws.com",
                            "public_ip": "54.242.91.200",
                            "root_block_device.#": "1",
                            "root_block_device.0.delete_on_termination": "true",
                            "root_block_device.0.iops": "100",
                            "root_block_device.0.volume_size": "8",
                            "root_block_device.0.volume_type": "gp2",
                            "security_groups.#": "0",
                            "source_dest_check": "true",
                            "subnet_id": "subnet-a824bbf5",
                            "tags.%": "1",
                            "tags.Name": "Rancher Server",
                            "tenancy": "default",
                            "volume_tags.%": "0",
                            "vpc_security_group_ids.#": "1",
                            "vpc_security_group_ids.3020371598": "sg-150a4f61"
                        },
                        "meta": {
                            "e2bfb730-ecaa-11e6-8f88-34363bc7c4c0": {
                                "create": 600000000000,
                                "delete": 600000000000,
                                "update": 600000000000
                            },
                            "schema_version": "1"
                        },
                        "tainted": false
                    },
                    "deposed": [],
                    "provider": "provider.aws"
                },
                "aws_internet_gateway.igw-virginia": {
                    "type": "aws_internet_gateway",
                    "depends_on": [
                        "aws_vpc.vpc-virginia"
                    ],
                    "primary": {
                        "id": "igw-dcb88ea5",
                        "attributes": {
                            "id": "igw-dcb88ea5",
                            "tags.%": "1",
                            "tags.Name": "igw-virginia",
                            "vpc_id": "vpc-e5d2d79d"
                        },
                        "meta": {},
                        "tainted": false
                    },
                    "deposed": [],
                    "provider": "provider.aws"
                },
                "aws_nat_gateway.nat_gateway": {
                    "type": "aws_nat_gateway",
                    "depends_on": [
                        "aws_eip.eip_nat_gateway",
                        "aws_subnet.subnet-a34c1dc7-subnet-public-1a"
                    ],
                    "primary": {
                        "id": "nat-01544142e4a159485",
                        "attributes": {
                            "allocation_id": "eipalloc-c0e3b1f7",
                            "id": "nat-01544142e4a159485",
                            "network_interface_id": "eni-a58f9c78",
                            "private_ip": "10.0.136.238",
                            "public_ip": "34.206.248.5",
                            "subnet_id": "subnet-a824bbf5",
                            "tags.%": "0"
                        },
                        "meta": {},
                        "tainted": false
                    },
                    "deposed": [],
                    "provider": "provider.aws"
                },
                "aws_route_table.private-RT": {
                    "type": "aws_route_table",
                    "depends_on": [
                        "aws_nat_gateway.nat_gateway",
                        "aws_vpc.vpc-virginia"
                    ],
                    "primary": {
                        "id": "rtb-a7a53fda",
                        "attributes": {
                            "id": "rtb-a7a53fda",
                            "propagating_vgws.#": "0",
                            "route.#": "1",
                            "route.557119283.cidr_block": "0.0.0.0/0",
                            "route.557119283.egress_only_gateway_id": "",
                            "route.557119283.gateway_id": "",
                            "route.557119283.instance_id": "",
                            "route.557119283.ipv6_cidr_block": "",
                            "route.557119283.nat_gateway_id": "nat-01544142e4a159485",
                            "route.557119283.network_interface_id": "",
                            "route.557119283.vpc_peering_connection_id": "",
                            "tags.%": "1",
                            "tags.Name": "private-RT",
                            "vpc_id": "vpc-e5d2d79d"
                        },
                        "meta": {},
                        "tainted": false
                    },
                    "deposed": [],
                    "provider": "provider.aws"
                },
                "aws_route_table_association.private-RT-rtbassoc-66cd091a": {
                    "type": "aws_route_table_association",
                    "depends_on": [
                        "aws_route_table.private-RT",
                        "aws_subnet.subnet-51792835-subnet-private-1b"
                    ],
                    "primary": {
                        "id": "rtbassoc-ebc51197",
                        "attributes": {
                            "id": "rtbassoc-ebc51197",
                            "route_table_id": "rtb-a7a53fda",
                            "subnet_id": "subnet-f9eeb39d"
                        },
                        "meta": {},
                        "tainted": false
                    },
                    "deposed": [],
                    "provider": "provider.aws"
                },
                "aws_route_table_association.private-RT-rtbassoc-eec40092": {
                    "type": "aws_route_table_association",
                    "depends_on": [
                        "aws_route_table.private-RT",
                        "aws_subnet.subnet-7d9d0c20-subnet-private-1a"
                    ],
                    "primary": {
                        "id": "rtbassoc-fcc91d80",
                        "attributes": {
                            "id": "rtbassoc-fcc91d80",
                            "route_table_id": "rtb-a7a53fda",
                            "subnet_id": "subnet-30df416d"
                        },
                        "meta": {},
                        "tainted": false
                    },
                    "deposed": [],
                    "provider": "provider.aws"
                },
                "aws_route_table_association.public-RT-rtbassoc-78bb7f04": {
                    "type": "aws_route_table_association",
                    "depends_on": [
                        "aws_default_route_table.public-RT",
                        "aws_subnet.subnet-11712075-subnet-public-1b"
                    ],
                    "primary": {
                        "id": "rtbassoc-f6c2168a",
                        "attributes": {
                            "id": "rtbassoc-f6c2168a",
                            "route_table_id": "rtb-bf52c8c2",
                            "subnet_id": "subnet-d3f1acb7"
                        },
                        "meta": {},
                        "tainted": false
                    },
                    "deposed": [],
                    "provider": "provider.aws"
                },
                "aws_route_table_association.public-RT-rtbassoc-91c307ed": {
                    "type": "aws_route_table_association",
                    "depends_on": [
                        "aws_default_route_table.public-RT",
                        "aws_subnet.subnet-a34c1dc7-subnet-public-1a"
                    ],
                    "primary": {
                        "id": "rtbassoc-abc91dd7",
                        "attributes": {
                            "id": "rtbassoc-abc91dd7",
                            "route_table_id": "rtb-bf52c8c2",
                            "subnet_id": "subnet-a824bbf5"
                        },
                        "meta": {},
                        "tainted": false
                    },
                    "deposed": [],
                    "provider": "provider.aws"
                },
                "aws_subnet.subnet-11712075-subnet-public-1b": {
                    "type": "aws_subnet",
                    "depends_on": [
                        "aws_vpc.vpc-virginia"
                    ],
                    "primary": {
                        "id": "subnet-d3f1acb7",
                        "attributes": {
                            "assign_ipv6_address_on_creation": "false",
                            "availability_zone": "us-east-1b",
                            "cidr_block": "10.0.192.0/18",
                            "id": "subnet-d3f1acb7",
                            "map_public_ip_on_launch": "true",
                            "tags.%": "1",
                            "tags.Name": "subnet-public-1b",
                            "vpc_id": "vpc-e5d2d79d"
                        },
                        "meta": {
                            "schema_version": "1"
                        },
                        "tainted": false
                    },
                    "deposed": [],
                    "provider": "provider.aws"
                },
                "aws_subnet.subnet-51792835-subnet-private-1b": {
                    "type": "aws_subnet",
                    "depends_on": [
                        "aws_vpc.vpc-virginia"
                    ],
                    "primary": {
                        "id": "subnet-f9eeb39d",
                        "attributes": {
                            "assign_ipv6_address_on_creation": "false",
                            "availability_zone": "us-east-1b",
                            "cidr_block": "10.0.64.0/18",
                            "id": "subnet-f9eeb39d",
                            "map_public_ip_on_launch": "false",
                            "tags.%": "1",
                            "tags.Name": "subnet-private-1b",
                            "vpc_id": "vpc-e5d2d79d"
                        },
                        "meta": {
                            "schema_version": "1"
                        },
                        "tainted": false
                    },
                    "deposed": [],
                    "provider": "provider.aws"
                },
                "aws_subnet.subnet-7d9d0c20-subnet-private-1a": {
                    "type": "aws_subnet",
                    "depends_on": [
                        "aws_vpc.vpc-virginia"
                    ],
                    "primary": {
                        "id": "subnet-30df416d",
                        "attributes": {
                            "assign_ipv6_address_on_creation": "false",
                            "availability_zone": "us-east-1a",
                            "cidr_block": "10.0.0.0/18",
                            "id": "subnet-30df416d",
                            "map_public_ip_on_launch": "false",
                            "tags.%": "1",
                            "tags.Name": "subnet-private-1a",
                            "vpc_id": "vpc-e5d2d79d"
                        },
                        "meta": {
                            "schema_version": "1"
                        },
                        "tainted": false
                    },
                    "deposed": [],
                    "provider": "provider.aws"
                },
                "aws_subnet.subnet-a34c1dc7-subnet-public-1a": {
                    "type": "aws_subnet",
                    "depends_on": [
                        "aws_vpc.vpc-virginia"
                    ],
                    "primary": {
                        "id": "subnet-a824bbf5",
                        "attributes": {
                            "assign_ipv6_address_on_creation": "false",
                            "availability_zone": "us-east-1a",
                            "cidr_block": "10.0.128.0/18",
                            "id": "subnet-a824bbf5",
                            "map_public_ip_on_launch": "true",
                            "tags.%": "1",
                            "tags.Name": "subnet-public-1a",
                            "vpc_id": "vpc-e5d2d79d"
                        },
                        "meta": {
                            "schema_version": "1"
                        },
                        "tainted": false
                    },
                    "deposed": [],
                    "provider": "provider.aws"
                },
                "aws_vpc.vpc-virginia": {
                    "type": "aws_vpc",
                    "depends_on": [],
                    "primary": {
                        "id": "vpc-e5d2d79d",
                        "attributes": {
                            "assign_generated_ipv6_cidr_block": "false",
                            "cidr_block": "10.0.0.0/16",
                            "default_network_acl_id": "acl-c9d15fb2",
                            "default_route_table_id": "rtb-bf52c8c2",
                            "default_security_group_id": "sg-150a4f61",
                            "dhcp_options_id": "dopt-cc7689a8",
                            "enable_classiclink": "false",
                            "enable_classiclink_dns_support": "false",
                            "enable_dns_hostnames": "true",
                            "enable_dns_support": "true",
                            "id": "vpc-e5d2d79d",
                            "instance_tenancy": "default",
                            "main_route_table_id": "rtb-bf52c8c2",
                            "tags.%": "1",
                            "tags.Name": "vpc-virginia"
                        },
                        "meta": {
                            "schema_version": "1"
                        },
                        "tainted": false
                    },
                    "deposed": [],
                    "provider": "provider.aws"
                }
            },
            "depends_on": []
        }
    ]
}
