{
    "version": 3,
    "terraform_version": "0.11.1",
    "serial": 3,
    "lineage": "aef134c6-442b-4cbf-a795-713ed91372c8",
    "modules": [
        {
            "path": [
                "root"
            ],
            "outputs": {},
            "resources": {
                "aws_efs_file_system.shared_efs_for_containers": {
                    "type": "aws_efs_file_system",
                    "depends_on": [],
                    "primary": {
                        "id": "fs-1cddd455",
                        "attributes": {
                            "creation_token": "terraform-20180110231537190200000001",
                            "dns_name": "fs-1cddd455.efs.us-east-1.amazonaws.com",
                            "encrypted": "false",
                            "id": "fs-1cddd455",
                            "kms_key_id": "",
                            "performance_mode": "generalPurpose",
                            "tags.%": "0"
                        },
                        "meta": {},
                        "tainted": false
                    },
                    "deposed": [],
                    "provider": "provider.aws"
                },
                "aws_eip.eip_nat_gateway": {
                    "type": "aws_eip",
                    "depends_on": [],
                    "primary": {
                        "id": "eipalloc-7ec3bf49",
                        "attributes": {
                            "association_id": "",
                            "domain": "vpc",
                            "id": "eipalloc-7ec3bf49",
                            "instance": "",
                            "network_interface": "",
                            "private_ip": "",
                            "public_ip": "34.239.221.151",
                            "vpc": "true"
                        },
                        "meta": {},
                        "tainted": false
                    },
                    "deposed": [],
                    "provider": "provider.aws"
                },
                "aws_internet_gateway.igw-virginia": {
                    "type": "aws_internet_gateway",
                    "depends_on": [
                        "aws_vpc.vpc-virginia"
                    ],
                    "primary": {
                        "id": "igw-ed715994",
                        "attributes": {
                            "id": "igw-ed715994",
                            "tags.%": "1",
                            "tags.Name": "igw-virginia",
                            "vpc_id": "vpc-2cc3fe54"
                        },
                        "meta": {},
                        "tainted": false
                    },
                    "deposed": [],
                    "provider": "provider.aws"
                },
                "aws_nat_gateway.nat_gateway": {
                    "type": "aws_nat_gateway",
                    "depends_on": [
                        "aws_eip.eip_nat_gateway",
                        "aws_subnet.subnet-a34c1dc7-subnet-public-1a"
                    ],
                    "primary": {
                        "id": "nat-0a7fed3f31b4d5cb9",
                        "attributes": {
                            "allocation_id": "eipalloc-7ec3bf49",
                            "id": "nat-0a7fed3f31b4d5cb9",
                            "network_interface_id": "eni-54d82bd4",
                            "private_ip": "10.0.133.71",
                            "public_ip": "34.239.221.151",
                            "subnet_id": "subnet-66085802",
                            "tags.%": "0"
                        },
                        "meta": {},
                        "tainted": false
                    },
                    "deposed": [],
                    "provider": "provider.aws"
                },
                "aws_route_table.private-RT": {
                    "type": "aws_route_table",
                    "depends_on": [
                        "aws_vpc.vpc-virginia"
                    ],
                    "primary": {
                        "id": "rtb-73a0230e",
                        "attributes": {
                            "id": "rtb-73a0230e",
                            "propagating_vgws.#": "0",
                            "route.#": "0",
                            "tags.%": "1",
                            "tags.Name": "private-RT",
                            "vpc_id": "vpc-2cc3fe54"
                        },
                        "meta": {},
                        "tainted": false
                    },
                    "deposed": [],
                    "provider": "provider.aws"
                },
                "aws_route_table.public-RT": {
                    "type": "aws_route_table",
                    "depends_on": [
                        "aws_internet_gateway.igw-virginia",
                        "aws_vpc.vpc-virginia"
                    ],
                    "primary": {
                        "id": "rtb-dc9211a1",
                        "attributes": {
                            "id": "rtb-dc9211a1",
                            "propagating_vgws.#": "0",
                            "route.#": "1",
                            "route.529975539.cidr_block": "0.0.0.0/0",
                            "route.529975539.egress_only_gateway_id": "",
                            "route.529975539.gateway_id": "igw-ed715994",
                            "route.529975539.instance_id": "",
                            "route.529975539.ipv6_cidr_block": "",
                            "route.529975539.nat_gateway_id": "",
                            "route.529975539.network_interface_id": "",
                            "route.529975539.vpc_peering_connection_id": "",
                            "tags.%": "1",
                            "tags.Name": "public-RT",
                            "vpc_id": "vpc-2cc3fe54"
                        },
                        "meta": {},
                        "tainted": false
                    },
                    "deposed": [],
                    "provider": "provider.aws"
                },
                "aws_route_table_association.public-RT-rtbassoc-78bb7f04": {
                    "type": "aws_route_table_association",
                    "depends_on": [
                        "aws_route_table.public-RT",
                        "aws_subnet.subnet-11712075-subnet-public-1b"
                    ],
                    "primary": {
                        "id": "rtbassoc-6f27e113",
                        "attributes": {
                            "id": "rtbassoc-6f27e113",
                            "route_table_id": "rtb-dc9211a1",
                            "subnet_id": "subnet-f4025290"
                        },
                        "meta": {},
                        "tainted": false
                    },
                    "deposed": [],
                    "provider": "provider.aws"
                },
                "aws_route_table_association.public-RT-rtbassoc-91c307ed": {
                    "type": "aws_route_table_association",
                    "depends_on": [
                        "aws_route_table.public-RT",
                        "aws_subnet.subnet-a34c1dc7-subnet-public-1a"
                    ],
                    "primary": {
                        "id": "rtbassoc-1225e36e",
                        "attributes": {
                            "id": "rtbassoc-1225e36e",
                            "route_table_id": "rtb-dc9211a1",
                            "subnet_id": "subnet-66085802"
                        },
                        "meta": {},
                        "tainted": false
                    },
                    "deposed": [],
                    "provider": "provider.aws"
                },
                "aws_subnet.subnet-11712075-subnet-public-1b": {
                    "type": "aws_subnet",
                    "depends_on": [
                        "aws_vpc.vpc-virginia"
                    ],
                    "primary": {
                        "id": "subnet-f4025290",
                        "attributes": {
                            "assign_ipv6_address_on_creation": "false",
                            "availability_zone": "us-east-1b",
                            "cidr_block": "10.0.192.0/18",
                            "id": "subnet-f4025290",
                            "map_public_ip_on_launch": "true",
                            "tags.%": "1",
                            "tags.Name": "subnet-public-1b",
                            "vpc_id": "vpc-2cc3fe54"
                        },
                        "meta": {
                            "schema_version": "1"
                        },
                        "tainted": false
                    },
                    "deposed": [],
                    "provider": "provider.aws"
                },
                "aws_subnet.subnet-51792835-subnet-private-1b": {
                    "type": "aws_subnet",
                    "depends_on": [
                        "aws_vpc.vpc-virginia"
                    ],
                    "primary": {
                        "id": "subnet-fa14449e",
                        "attributes": {
                            "assign_ipv6_address_on_creation": "false",
                            "availability_zone": "us-east-1b",
                            "cidr_block": "10.0.64.0/18",
                            "id": "subnet-fa14449e",
                            "map_public_ip_on_launch": "false",
                            "tags.%": "1",
                            "tags.Name": "subnet-private-1b",
                            "vpc_id": "vpc-2cc3fe54"
                        },
                        "meta": {
                            "schema_version": "1"
                        },
                        "tainted": false
                    },
                    "deposed": [],
                    "provider": "provider.aws"
                },
                "aws_subnet.subnet-7d9d0c20-subnet-private-1a": {
                    "type": "aws_subnet",
                    "depends_on": [
                        "aws_vpc.vpc-virginia"
                    ],
                    "primary": {
                        "id": "subnet-bde777e0",
                        "attributes": {
                            "assign_ipv6_address_on_creation": "false",
                            "availability_zone": "us-east-1a",
                            "cidr_block": "10.0.0.0/18",
                            "id": "subnet-bde777e0",
                            "map_public_ip_on_launch": "false",
                            "tags.%": "1",
                            "tags.Name": "subnet-private-1a",
                            "vpc_id": "vpc-2cc3fe54"
                        },
                        "meta": {
                            "schema_version": "1"
                        },
                        "tainted": false
                    },
                    "deposed": [],
                    "provider": "provider.aws"
                },
                "aws_subnet.subnet-a34c1dc7-subnet-public-1a": {
                    "type": "aws_subnet",
                    "depends_on": [
                        "aws_vpc.vpc-virginia"
                    ],
                    "primary": {
                        "id": "subnet-66085802",
                        "attributes": {
                            "assign_ipv6_address_on_creation": "false",
                            "availability_zone": "us-east-1b",
                            "cidr_block": "10.0.128.0/18",
                            "id": "subnet-66085802",
                            "map_public_ip_on_launch": "true",
                            "tags.%": "1",
                            "tags.Name": "subnet-public-1a",
                            "vpc_id": "vpc-2cc3fe54"
                        },
                        "meta": {
                            "schema_version": "1"
                        },
                        "tainted": false
                    },
                    "deposed": [],
                    "provider": "provider.aws"
                },
                "aws_vpc.vpc-virginia": {
                    "type": "aws_vpc",
                    "depends_on": [],
                    "primary": {
                        "id": "vpc-2cc3fe54",
                        "attributes": {
                            "assign_generated_ipv6_cidr_block": "false",
                            "cidr_block": "10.0.0.0/16",
                            "default_network_acl_id": "acl-c0a621bb",
                            "default_route_table_id": "rtb-3f951642",
                            "default_security_group_id": "sg-961c8fe2",
                            "dhcp_options_id": "dopt-cc7689a8",
                            "enable_classiclink": "false",
                            "enable_classiclink_dns_support": "false",
                            "enable_dns_hostnames": "true",
                            "enable_dns_support": "true",
                            "id": "vpc-2cc3fe54",
                            "instance_tenancy": "default",
                            "main_route_table_id": "rtb-3f951642",
                            "tags.%": "1",
                            "tags.Name": "vpc-virginia"
                        },
                        "meta": {
                            "schema_version": "1"
                        },
                        "tainted": false
                    },
                    "deposed": [],
                    "provider": "provider.aws"
                }
            },
            "depends_on": []
        }
    ]
}
